
Microsoft Visual Studio Solution File, Format Version 12.00
# Visual Studio 15
VisualStudioVersion = 15.0.27428.2015
MinimumVisualStudioVersion = 10.0.40219.1
Project("{8BC9CEB8-8B4A-11D0-8D11-00A0C91BC942}") = "WinVirtUE", "WinVirtUE\WinVirtUE.vcxproj", "{F0873F2B-AFBE-480C-9355-71D073A9CCDB}"
EndProject
Project("{2150E333-8FDC-42A3-9474-1A3956D46DE8}") = "inc", "inc", "{5EDC8477-8895-46E7-B974-BC03536F94C9}"
	ProjectSection(SolutionItems) = preProject
		inc\WVUKernelUserComms.h = inc\WVUKernelUserComms.h
	EndProjectSection
EndProject
Project("{8BC9CEB8-8B4A-11D0-8D11-00A0C91BC942}") = "WinVirtUE Package", "WinVirtUE Package\WinVirtUE Package.vcxproj", "{0D62BA54-B404-4087-98E6-5DC74FD0549C}"
EndProject
Global
	GlobalSection(SolutionConfigurationPlatforms) = preSolution
		Debug|ARM = Debug|ARM
		Debug|ARM64 = Debug|ARM64
		Debug|x64 = Debug|x64
		Debug|x86 = Debug|x86
		Release|ARM = Release|ARM
		Release|ARM64 = Release|ARM64
		Release|x64 = Release|x64
		Release|x86 = Release|x86
	EndGlobalSection
	GlobalSection(ProjectConfigurationPlatforms) = postSolution
		{F0873F2B-AFBE-480C-9355-71D073A9CCDB}.Debug|ARM.ActiveCfg = Debug|ARM
		{F0873F2B-AFBE-480C-9355-71D073A9CCDB}.Debug|ARM.Build.0 = Debug|ARM
		{F0873F2B-AFBE-480C-9355-71D073A9CCDB}.Debug|ARM.Deploy.0 = Debug|ARM
		{F0873F2B-AFBE-480C-9355-71D073A9CCDB}.Debug|ARM64.ActiveCfg = Debug|ARM64
		{F0873F2B-AFBE-480C-9355-71D073A9CCDB}.Debug|ARM64.Build.0 = Debug|ARM64
		{F0873F2B-AFBE-480C-9355-71D073A9CCDB}.Debug|ARM64.Deploy.0 = Debug|ARM64
		{F0873F2B-AFBE-480C-9355-71D073A9CCDB}.Debug|x64.ActiveCfg = Debug|x64
		{F0873F2B-AFBE-480C-9355-71D073A9CCDB}.Debug|x64.Build.0 = Debug|x64
		{F0873F2B-AFBE-480C-9355-71D073A9CCDB}.Debug|x64.Deploy.0 = Debug|x64
		{F0873F2B-AFBE-480C-9355-71D073A9CCDB}.Debug|x86.ActiveCfg = Debug|Win32
		{F0873F2B-AFBE-480C-9355-71D073A9CCDB}.Debug|x86.Build.0 = Debug|Win32
		{F0873F2B-AFBE-480C-9355-71D073A9CCDB}.Debug|x86.Deploy.0 = Debug|Win32
		{F0873F2B-AFBE-480C-9355-71D073A9CCDB}.Release|ARM.ActiveCfg = Release|ARM
		{F0873F2B-AFBE-480C-9355-71D073A9CCDB}.Release|ARM.Build.0 = Release|ARM
		{F0873F2B-AFBE-480C-9355-71D073A9CCDB}.Release|ARM.Deploy.0 = Release|ARM
		{F0873F2B-AFBE-480C-9355-71D073A9CCDB}.Release|ARM64.ActiveCfg = Release|ARM64
		{F0873F2B-AFBE-480C-9355-71D073A9CCDB}.Release|ARM64.Build.0 = Release|ARM64
		{F0873F2B-AFBE-480C-9355-71D073A9CCDB}.Release|ARM64.Deploy.0 = Release|ARM64
		{F0873F2B-AFBE-480C-9355-71D073A9CCDB}.Release|x64.ActiveCfg = Release|x64
		{F0873F2B-AFBE-480C-9355-71D073A9CCDB}.Release|x64.Build.0 = Release|x64
		{F0873F2B-AFBE-480C-9355-71D073A9CCDB}.Release|x64.Deploy.0 = Release|x64
		{F0873F2B-AFBE-480C-9355-71D073A9CCDB}.Release|x86.ActiveCfg = Release|Win32
		{F0873F2B-AFBE-480C-9355-71D073A9CCDB}.Release|x86.Build.0 = Release|Win32
		{F0873F2B-AFBE-480C-9355-71D073A9CCDB}.Release|x86.Deploy.0 = Release|Win32
		{0D62BA54-B404-4087-98E6-5DC74FD0549C}.Debug|ARM.ActiveCfg = Debug|ARM
		{0D62BA54-B404-4087-98E6-5DC74FD0549C}.Debug|ARM.Build.0 = Debug|ARM
		{0D62BA54-B404-4087-98E6-5DC74FD0549C}.Debug|ARM.Deploy.0 = Debug|ARM
		{0D62BA54-B404-4087-98E6-5DC74FD0549C}.Debug|ARM64.ActiveCfg = Debug|ARM64
		{0D62BA54-B404-4087-98E6-5DC74FD0549C}.Debug|ARM64.Build.0 = Debug|ARM64
		{0D62BA54-B404-4087-98E6-5DC74FD0549C}.Debug|ARM64.Deploy.0 = Debug|ARM64
		{0D62BA54-B404-4087-98E6-5DC74FD0549C}.Debug|x64.ActiveCfg = Debug|x64
		{0D62BA54-B404-4087-98E6-5DC74FD0549C}.Debug|x64.Build.0 = Debug|x64
		{0D62BA54-B404-4087-98E6-5DC74FD0549C}.Debug|x64.Deploy.0 = Debug|x64
		{0D62BA54-B404-4087-98E6-5DC74FD0549C}.Debug|x86.ActiveCfg = Debug|Win32
		{0D62BA54-B404-4087-98E6-5DC74FD0549C}.Debug|x86.Build.0 = Debug|Win32
		{0D62BA54-B404-4087-98E6-5DC74FD0549C}.Debug|x86.Deploy.0 = Debug|Win32
		{0D62BA54-B404-4087-98E6-5DC74FD0549C}.Release|ARM.ActiveCfg = Release|ARM
		{0D62BA54-B404-4087-98E6-5DC74FD0549C}.Release|ARM.Build.0 = Release|ARM
		{0D62BA54-B404-4087-98E6-5DC74FD0549C}.Release|ARM.Deploy.0 = Release|ARM
		{0D62BA54-B404-4087-98E6-5DC74FD0549C}.Release|ARM64.ActiveCfg = Release|ARM64
		{0D62BA54-B404-4087-98E6-5DC74FD0549C}.Release|ARM64.Build.0 = Release|ARM64
		{0D62BA54-B404-4087-98E6-5DC74FD0549C}.Release|ARM64.Deploy.0 = Release|ARM64
		{0D62BA54-B404-4087-98E6-5DC74FD0549C}.Release|x64.ActiveCfg = Release|x64
		{0D62BA54-B404-4087-98E6-5DC74FD0549C}.Release|x64.Build.0 = Release|x64
		{0D62BA54-B404-4087-98E6-5DC74FD0549C}.Release|x64.Deploy.0 = Release|x64
		{0D62BA54-B404-4087-98E6-5DC74FD0549C}.Release|x86.ActiveCfg = Release|Win32
		{0D62BA54-B404-4087-98E6-5DC74FD0549C}.Release|x86.Build.0 = Release|Win32
		{0D62BA54-B404-4087-98E6-5DC74FD0549C}.Release|x86.Deploy.0 = Release|Win32
	EndGlobalSection
	GlobalSection(SolutionProperties) = preSolution
		HideSolutionNode = FALSE
	EndGlobalSection
	GlobalSection(ExtensibilityGlobals) = postSolution
		SolutionGuid = {8261167D-FE08-4839-9557-EE4CB8C02F60}
	EndGlobalSection
EndGlobal
