<?xml version="1.0" encoding="utf-8"?>
<Project ToolsVersion="4.0" xmlns="http://schemas.microsoft.com/developer/msbuild/2003">
  <ItemGroup>
    <Filter Include="Source Files">
      <UniqueIdentifier>{4FC737F1-C7A5-4376-A066-2A32D752A2FF}</UniqueIdentifier>
      <Extensions>cpp;c;cc;cxx;def;odl;idl;hpj;bat;asm;asmx</Extensions>
    </Filter>
    <Filter Include="Header Files">
      <UniqueIdentifier>{93995380-89BD-4b04-88EB-625FBE52EBFB}</UniqueIdentifier>
      <Extensions>h;hpp;hxx;hm;inl;inc;xsd</Extensions>
    </Filter>
    <Filter Include="Resource Files">
      <UniqueIdentifier>{67DA6AB6-F800-4c08-8B7A-83BB121AAD01}</UniqueIdentifier>
      <Extensions>mc;rc;ico;cur;bmp;dlg;rc2;rct;bin;rgs;gif;jpg;jpeg;jpe;resx;tiff;tif;png;wav;mfcribbon-ms</Extensions>
    </Filter>
    <Filter Include="Driver Files">
      <UniqueIdentifier>{8E41214B-6785-4CFE-B992-037D68949A14}</UniqueIdentifier>
      <Extensions>inf;inv;inx;mof;mc;</Extensions>
    </Filter>
    <Filter Include="Source Files\CPPRuntime">
      <UniqueIdentifier>{98ba821b-b929-469f-91a5-334723114da1}</UniqueIdentifier>
      <Extensions>cpp;c;cxx</Extensions>
    </Filter>
    <Filter Include="Header Files\CPPRuntime">
      <UniqueIdentifier>{45afa9b8-3402-42ae-8cd1-fb740b01f07d}</UniqueIdentifier>
      <Extensions>h;hxx;hpp</Extensions>
    </Filter>
    <Filter Include="Templates">
      <UniqueIdentifier>{8104d193-401e-4862-9a13-ffb6d9998d1e}</UniqueIdentifier>
      <Extensions>txt;md</Extensions>
    </Filter>
    <Filter Include="Docs">
      <UniqueIdentifier>{db0f0909-2ec5-4071-bca0-00e3da25ec25}</UniqueIdentifier>
      <Extensions>txt;md</Extensions>
    </Filter>
    <Filter Include="Header Files\Common">
      <UniqueIdentifier>{d7f736fb-de95-4296-8f52-4a123d45bca2}</UniqueIdentifier>
      <Extensions>h;hxx;hpp</Extensions>
    </Filter>
    <Filter Include="inc">
      <UniqueIdentifier>{1e8e0e72-7f46-4474-a998-942337fc5298}</UniqueIdentifier>
    </Filter>
    <Filter Include="Source Files\Probes">
      <UniqueIdentifier>{4fed139c-74ea-450c-a701-ec96370e8143}</UniqueIdentifier>
    </Filter>
    <Filter Include="Header Files\Probes">
      <UniqueIdentifier>{061ee822-e069-4274-8b7f-ffd9f2b795ab}</UniqueIdentifier>
    </Filter>
    <Filter Include="Header Files\Filter">
      <UniqueIdentifier>{7a637f1b-9a33-46d0-b0f6-7689c9d590fd}</UniqueIdentifier>
    </Filter>
    <Filter Include="Source Files\Filter">
      <UniqueIdentifier>{b3e37071-973c-4dce-a82e-0f97f4b4ff0d}</UniqueIdentifier>
    </Filter>
  </ItemGroup>
  <ItemGroup>
    <Inf Include="WinVirtUE.inf">
      <Filter>Driver Files</Filter>
    </Inf>
  </ItemGroup>
  <ItemGroup>
    <ClCompile Include="CPPRuntime\CPPRuntime.cpp">
      <Filter>Source Files\CPPRuntime</Filter>
    </ClCompile>
    <ClCompile Include="CPPRuntime\new.cpp">
      <Filter>Source Files\CPPRuntime</Filter>
    </ClCompile>
    <ClCompile Include="Debug.cpp">
      <Filter>Source Files</Filter>
    </ClCompile>
    <ClCompile Include="Globals.cpp">
      <Filter>Source Files</Filter>
    </ClCompile>
    <ClCompile Include="Driver.cpp">
      <Filter>Source Files</Filter>
    </ClCompile>
    <ClCompile Include="WinVirtUE.cpp">
      <Filter>Source Files</Filter>
    </ClCompile>
    <ClCompile Include="ProcessListValidationProbe.cpp">
      <Filter>Source Files\Probes</Filter>
    </ClCompile>
    <ClCompile Include="ProcessCreateProbe.cpp">
      <Filter>Source Files\Probes</Filter>
    </ClCompile>
    <ClCompile Include="ImageLoadProbe.cpp">
      <Filter>Source Files\Probes</Filter>
    </ClCompile>
    <ClCompile Include="AbstractVirtueProbe.cpp">
      <Filter>Source Files\Probes</Filter>
    </ClCompile>
    <ClCompile Include="FltMgrReg.cpp">
      <Filter>Source Files\Filter</Filter>
    </ClCompile>
    <ClCompile Include="FltMgrCallbacks.cpp">
      <Filter>Source Files\Filter</Filter>
    </ClCompile>
    <ClCompile Include="FltMgrCtxReg.cpp">
      <Filter>Source Files\Filter</Filter>
    </ClCompile>
    <ClCompile Include="WVUCommsManager.cpp">
      <Filter>Source Files</Filter>
    </ClCompile>
    <ClCompile Include="WVUProbeManager.cpp">
      <Filter>Source Files</Filter>
    </ClCompile>
    <ClCompile Include="WVUQueueManager.cpp">
      <Filter>Source Files</Filter>
    </ClCompile>
    <ClCompile Include="ObjectCreateNotifyCB.cpp">
      <Filter>Source Files\Probes</Filter>
    </ClCompile>
    <ClCompile Include="RegistryModificationCB.cpp">
      <Filter>Source Files\Probes</Filter>
    </ClCompile>
  </ItemGroup>
  <ItemGroup>
    <ClInclude Include="CPPRuntime\CPPRuntime.h">
      <Filter>Header Files\CPPRuntime</Filter>
    </ClInclude>
    <ClInclude Include="Common\cmn.h">
      <Filter>Header Files\Common</Filter>
    </ClInclude>
    <ClInclude Include="Common\cmn_pool_tag.h">
      <Filter>Header Files\Common</Filter>
    </ClInclude>
    <ClInclude Include="Common\common.h">
      <Filter>Header Files\Common</Filter>
    </ClInclude>
    <ClInclude Include="Common\externs.h">
      <Filter>Header Files\Common</Filter>
    </ClInclude>
    <ClInclude Include="Common\types.h">
      <Filter>Header Files\Common</Filter>
    </ClInclude>
    <ClInclude Include="UnDoc.h">
      <Filter>Header Files</Filter>
    </ClInclude>
    <ClInclude Include="Debug.h">
      <Filter>Header Files</Filter>
    </ClInclude>
    <ClInclude Include="config.h">
      <Filter>Header Files</Filter>
    </ClInclude>
    <ClInclude Include="Driver.h">
      <Filter>Header Files</Filter>
    </ClInclude>
    <ClInclude Include="..\inc\WVUKernelUserComms.h">
      <Filter>inc</Filter>
    </ClInclude>
    <ClInclude Include="resource.h">
      <Filter>Header Files</Filter>
    </ClInclude>
    <ClInclude Include="WinVirtUE.h">
      <Filter>Header Files</Filter>
    </ClInclude>
    <ClInclude Include="trace.h">
      <Filter>Header Files\Common</Filter>
    </ClInclude>
    <ClInclude Include="AbstractVirtueProbe.h">
      <Filter>Header Files\Probes</Filter>
    </ClInclude>
    <ClInclude Include="ProcessCreateProbe.h">
      <Filter>Header Files\Probes</Filter>
    </ClInclude>
    <ClInclude Include="ImageLoadProbe.h">
      <Filter>Header Files\Probes</Filter>
    </ClInclude>
    <ClInclude Include="ProcessListValidationProbe.h">
      <Filter>Header Files\Probes</Filter>
    </ClInclude>
    <ClInclude Include="FltMgrReg.h">
      <Filter>Header Files\Filter</Filter>
    </ClInclude>
    <ClInclude Include="FltMgrCallbacks.h">
      <Filter>Header Files\Filter</Filter>
    </ClInclude>
    <ClInclude Include="FltMgrCtxReg.h">
      <Filter>Header Files\Filter</Filter>
    </ClInclude>
    <ClInclude Include="WVUCommsManager.h">
      <Filter>Header Files</Filter>
    </ClInclude>
    <ClInclude Include="WVUProbeManager.h">
      <Filter>Header Files</Filter>
    </ClInclude>
    <ClInclude Include="WVUQueueManager.h">
      <Filter>Header Files</Filter>
    </ClInclude>
    <ClInclude Include="RegistryModificationCB.h">
      <Filter>Header Files\Probes</Filter>
    </ClInclude>
    <ClInclude Include="ObjectCreateNotifyCB.h">
      <Filter>Header Files\Probes</Filter>
    </ClInclude>
  </ItemGroup>
  <ItemGroup>
    <Text Include="Templates\CopyrightAndFuncDocTemplate.txt">
      <Filter>Templates</Filter>
    </Text>
  </ItemGroup>
  <ItemGroup>
    <None Include="..\DESIGN.md">
      <Filter>Docs</Filter>
    </None>
    <None Include="..\README.md">
      <Filter>Docs</Filter>
    </None>
    <None Include="..\TODO.md">
      <Filter>Docs</Filter>
    </None>
    <None Include="NOTES.md">
      <Filter>Docs</Filter>
    </None>
  </ItemGroup>
  <ItemGroup>
    <MessageCompile Include="Messages.mc">
      <Filter>Resource Files</Filter>
    </MessageCompile>
  </ItemGroup>
  <ItemGroup>
    <ResourceCompile Include="WinVirtUE.rc">
      <Filter>Resource Files</Filter>
    </ResourceCompile>
  </ItemGroup>
</Project>